{
    "_readme": [
        "This file locks the dependencies of your project to a known state",
        "Read more about it at https://getcomposer.org/doc/01-basic-usage.md#installing-dependencies",
        "This file is @generated automatically"
    ],
    "content-hash": "f831651f7237122db99ffd37e0450e44",
    "packages": [],
    "packages-dev": [
        {
            "name": "drupal/core-render",
            "version": "8.9.16",
            "source": {
                "type": "git",
                "url": "https://github.com/drupal/core-render.git",
                "reference": "d20b0afe9ca3ca768c6e828442e4cdebbb2cfeec"
            },
            "dist": {
                "type": "zip",
                "url": "https://api.github.com/repos/drupal/core-render/zipball/d20b0afe9ca3ca768c6e828442e4cdebbb2cfeec",
                "reference": "d20b0afe9ca3ca768c6e828442e4cdebbb2cfeec",
                "shasum": ""
            },
            "require": {
                "drupal/core-utility": "^8.8",
                "php": ">=7.0.8"
            },
            "type": "library",
            "autoload": {
                "psr-4": {
                    "Drupal\\Component\\Render\\": ""
                }
            },
            "notification-url": "https://packagist.org/downloads/",
            "license": [
                "GPL-2.0-or-later"
            ],
            "description": "Renders placeholder variables for HTML and plain-text display.",
            "homepage": "https://www.drupal.org/project/drupal",
            "keywords": [
                "drupal"
            ],
            "support": {
                "source": "https://github.com/drupal/core-render/tree/8.9.3"
            },
            "time": "2019-10-10T19:45:32+00:00"
        },
        {
            "name": "drupal/core-utility",
            "version": "8.9.16",
            "source": {
                "type": "git",
                "url": "https://github.com/drupal/core-utility.git",
                "reference": "14cc3fae9c02333ae7f47503065a24c5e2794524"
            },
            "dist": {
                "type": "zip",
                "url": "https://api.github.com/repos/drupal/core-utility/zipball/14cc3fae9c02333ae7f47503065a24c5e2794524",
                "reference": "14cc3fae9c02333ae7f47503065a24c5e2794524",
                "shasum": ""
            },
            "require": {
                "drupal/core-render": "^8.8",
                "php": ">=7.0.8"
            },
            "type": "library",
            "autoload": {
                "psr-4": {
                    "Drupal\\Component\\Utility\\": ""
                }
            },
            "notification-url": "https://packagist.org/downloads/",
            "license": [
                "GPL-2.0-or-later"
            ],
            "description": "Mostly static utility classes for string, xss, array, image, and other commonly needed manipulations.",
            "homepage": "https://www.drupal.org/project/drupal",
            "keywords": [
                "drupal"
            ],
            "support": {
                "source": "https://github.com/drupal/core-utility/tree/8.9.16"
            },
            "time": "2021-04-20T23:05:34+00:00"
        },
        {
            "name": "drupal/drupal-driver",
            "version": "v2.1.1",
            "source": {
                "type": "git",
                "url": "https://github.com/jhedstrom/DrupalDriver.git",
                "reference": "a33cb7618476997e1b7330ae9225c91cbab32e1c"
            },
            "dist": {
                "type": "zip",
                "url": "https://api.github.com/repos/jhedstrom/DrupalDriver/zipball/a33cb7618476997e1b7330ae9225c91cbab32e1c",
                "reference": "a33cb7618476997e1b7330ae9225c91cbab32e1c",
                "shasum": ""
            },
            "require": {
                "drupal/core-utility": "^8.4 || ^9",
                "php": ">=5.6",
                "symfony/dependency-injection": "~2.6|~3.0|~4.4",
                "symfony/process": "~2.5|~3.0|~4.4"
            },
            "require-dev": {
                "drupal/coder": "~8.3.0",
                "drush-ops/behat-drush-endpoint": "*",
                "jakub-onderka/php-parallel-lint": "^1.0",
                "mockery/mockery": "0.9.4",
                "phpspec/phpspec": "~2.0 || ~4.0 || ~6.1",
                "phpunit/phpunit": "~6.0 || ~7.0"
            },
            "type": "library",
            "autoload": {
                "psr-0": {
                    "Drupal\\Driver": "src/",
                    "Drupal\\Tests\\Driver": "tests/"
                }
            },
            "notification-url": "https://packagist.org/downloads/",
            "license": [
                "GPL-2.0-or-later"
            ],
            "authors": [
                {
                    "name": "Jonathan Hedstrom",
                    "email": "jhedstrom@gmail.com"
                }
            ],
            "description": "A collection of reusable Drupal drivers",
            "homepage": "http://github.com/jhedstrom/DrupalDriver",
            "keywords": [
                "drupal",
                "test",
                "web"
            ],
            "support": {
                "issues": "https://github.com/jhedstrom/DrupalDriver/issues",
                "source": "https://github.com/jhedstrom/DrupalDriver/tree/v2.1.1"
            },
            "time": "2021-05-07T20:47:33+00:00"
        },
        {
            "name": "drush-ops/behat-drush-endpoint",
            "version": "9.4.0",
            "source": {
                "type": "git",
                "url": "https://github.com/drush-ops/behat-drush-endpoint.git",
                "reference": "7a19d5fd6d91890b1e67c0290bd33f0184b5cadb"
            },
            "dist": {
                "type": "zip",
                "url": "https://api.github.com/repos/drush-ops/behat-drush-endpoint/zipball/7a19d5fd6d91890b1e67c0290bd33f0184b5cadb",
                "reference": "7a19d5fd6d91890b1e67c0290bd33f0184b5cadb",
                "shasum": ""
            },
            "require": {
                "drupal/drupal-driver": "*",
                "php": ">=5.3.0"
            },
            "conflict": {
                "drush/drush": "<8.2 || >=9.0 <9.6.0 || >=11.0"
            },
            "require-dev": {
                "composer/installers": "^1.2",
                "drupal/core": "^8.8",
                "drupal/core-composer-scaffold": "^8.8.1",
                "drush/drush": "^8.3.3 || ^10.2.2",
                "pantheon-systems/drupal-integrations": "^8",
                "phpunit/phpunit": "^6.5",
                "symfony/filesystem": "^3.4.28",
                "webflo/drupal-finder": "^1.1.0",
                "webmozart/path-util": "^2.3",
                "zaporylie/composer-drupal-optimizations": "^1.0.2"
            },
            "type": "drupal-drush",
            "extra": {
                "installer-paths": {
                    "sut/web/core": [
                        "type:drupal-core"
                    ],
                    "sut/web/libraries/{$name}": [
                        "type:drupal-library"
                    ],
                    "sut/web/modules/contrib/{$name}": [
                        "type:drupal-module"
                    ],
                    "sut/web/profiles/contrib/{$name}": [
                        "type:drupal-profile"
                    ],
                    "sut/web/themes/contrib/{$name}": [
                        "type:drupal-theme"
                    ],
                    "drush/Commands/{$name}": [
                        "type:drupal-drush"
                    ]
                },
                "drupal-scaffold": {
                    "allowed-packages": [
                        "pantheon-systems/drupal-integrations"
                    ],
                    "locations": {
                        "web-root": "./sut/web"
                    },
                    "file-mapping": {
                        "[project-root]/.editorconfig": false
                    }
                },
                "scenarios": {
                    "drush8": {
                        "require-dev": {
                            "drush/drush": "^8.3.3"
                        },
                        "config": {
                            "platform": {
                                "php": "7.0.8"
                            }
                        }
                    }
                }
            },
            "notification-url": "https://packagist.org/downloads/",
            "license": [
                "GPL-2.0-or-later"
            ],
            "description": "Drush commandfile for use with drupal/drupal-driver.",
            "homepage": "https://github.com/drush-ops/behat-drush-endpoint",
            "keywords": [
                "Behat",
                "Drush",
                "testing"
            ],
            "support": {
                "issues": "https://github.com/drush-ops/behat-drush-endpoint/issues",
                "source": "https://github.com/drush-ops/behat-drush-endpoint/tree/9.x"
            },
            "time": "2020-05-28T16:32:01+00:00"
        },
        {
            "name": "psr/container",
            "version": "1.1.1",
            "source": {
                "type": "git",
                "url": "https://github.com/php-fig/container.git",
                "reference": "8622567409010282b7aeebe4bb841fe98b58dcaf"
            },
            "dist": {
                "type": "zip",
                "url": "https://api.github.com/repos/php-fig/container/zipball/8622567409010282b7aeebe4bb841fe98b58dcaf",
                "reference": "8622567409010282b7aeebe4bb841fe98b58dcaf",
                "shasum": ""
            },
            "require": {
                "php": ">=7.2.0"
            },
            "type": "library",
            "autoload": {
                "psr-4": {
                    "Psr\\Container\\": "src/"
                }
            },
            "notification-url": "https://packagist.org/downloads/",
            "license": [
                "MIT"
            ],
            "authors": [
                {
                    "name": "PHP-FIG",
                    "homepage": "https://www.php-fig.org/"
                }
            ],
            "description": "Common Container Interface (PHP FIG PSR-11)",
            "homepage": "https://github.com/php-fig/container",
            "keywords": [
                "PSR-11",
                "container",
                "container-interface",
                "container-interop",
                "psr"
            ],
            "support": {
                "issues": "https://github.com/php-fig/container/issues",
                "source": "https://github.com/php-fig/container/tree/1.1.1"
            },
            "time": "2021-03-05T17:36:06+00:00"
        },
        {
            "name": "symfony/dependency-injection",
            "version": "v4.4.26",
            "source": {
                "type": "git",
                "url": "https://github.com/symfony/dependency-injection.git",
                "reference": "a944d2f8e903dc99f5f1baf3eb74081352f0067f"
            },
            "dist": {
                "type": "zip",
                "url": "https://api.github.com/repos/symfony/dependency-injection/zipball/a944d2f8e903dc99f5f1baf3eb74081352f0067f",
                "reference": "a944d2f8e903dc99f5f1baf3eb74081352f0067f",
                "shasum": ""
            },
            "require": {
                "php": ">=7.1.3",
                "psr/container": "^1.0",
                "symfony/service-contracts": "^1.1.6|^2"
            },
            "conflict": {
                "symfony/config": "<4.3|>=5.0",
                "symfony/finder": "<3.4",
                "symfony/proxy-manager-bridge": "<3.4",
                "symfony/yaml": "<3.4"
            },
            "provide": {
                "psr/container-implementation": "1.0",
                "symfony/service-implementation": "1.0|2.0"
            },
            "require-dev": {
                "symfony/config": "^4.3",
                "symfony/expression-language": "^3.4|^4.0|^5.0",
                "symfony/yaml": "^4.4|^5.0"
            },
            "suggest": {
                "symfony/config": "",
                "symfony/expression-language": "For using expressions in service container configuration",
                "symfony/finder": "For using double-star glob patterns or when GLOB_BRACE portability is required",
                "symfony/proxy-manager-bridge": "Generate service proxies to lazy load them",
                "symfony/yaml": ""
            },
            "type": "library",
            "autoload": {
                "psr-4": {
                    "Symfony\\Component\\DependencyInjection\\": ""
                },
                "exclude-from-classmap": [
                    "/Tests/"
                ]
            },
            "notification-url": "https://packagist.org/downloads/",
            "license": [
                "MIT"
            ],
            "authors": [
                {
                    "name": "Fabien Potencier",
                    "email": "fabien@symfony.com"
                },
                {
                    "name": "Symfony Community",
                    "homepage": "https://symfony.com/contributors"
                }
            ],
            "description": "Allows you to standardize and centralize the way objects are constructed in your application",
            "homepage": "https://symfony.com",
            "support": {
                "source": "https://github.com/symfony/dependency-injection/tree/v4.4.26"
            },
            "funding": [
                {
                    "url": "https://symfony.com/sponsor",
                    "type": "custom"
                },
                {
                    "url": "https://github.com/fabpot",
                    "type": "github"
                },
                {
                    "url": "https://tidelift.com/funding/github/packagist/symfony/symfony",
                    "type": "tidelift"
                }
            ],
            "time": "2021-06-24T08:08:16+00:00"
        },
        {
            "name": "symfony/process",
            "version": "v4.4.26",
            "source": {
                "type": "git",
                "url": "https://github.com/symfony/process.git",
                "reference": "7e812c84c3f2dba173d311de6e510edf701685a8"
            },
            "dist": {
                "type": "zip",
                "url": "https://api.github.com/repos/symfony/process/zipball/7e812c84c3f2dba173d311de6e510edf701685a8",
                "reference": "7e812c84c3f2dba173d311de6e510edf701685a8",
                "shasum": ""
            },
            "require": {
                "php": ">=7.1.3"
            },
            "type": "library",
            "autoload": {
                "psr-4": {
                    "Symfony\\Component\\Process\\": ""
                },
                "exclude-from-classmap": [
                    "/Tests/"
                ]
            },
            "notification-url": "https://packagist.org/downloads/",
            "license": [
                "MIT"
            ],
            "authors": [
                {
                    "name": "Fabien Potencier",
                    "email": "fabien@symfony.com"
                },
                {
                    "name": "Symfony Community",
                    "homepage": "https://symfony.com/contributors"
                }
            ],
            "description": "Executes commands in sub-processes",
            "homepage": "https://symfony.com",
            "support": {
                "source": "https://github.com/symfony/process/tree/v4.4.26"
            },
            "funding": [
                {
                    "url": "https://symfony.com/sponsor",
                    "type": "custom"
                },
                {
                    "url": "https://github.com/fabpot",
                    "type": "github"
                },
                {
                    "url": "https://tidelift.com/funding/github/packagist/symfony/symfony",
                    "type": "tidelift"
                }
            ],
            "time": "2021-06-09T14:57:04+00:00"
        },
        {
            "name": "symfony/service-contracts",
            "version": "v2.4.0",
            "source": {
                "type": "git",
                "url": "https://github.com/symfony/service-contracts.git",
                "reference": "f040a30e04b57fbcc9c6cbcf4dbaa96bd318b9bb"
            },
            "dist": {
                "type": "zip",
                "url": "https://api.github.com/repos/symfony/service-contracts/zipball/f040a30e04b57fbcc9c6cbcf4dbaa96bd318b9bb",
                "reference": "f040a30e04b57fbcc9c6cbcf4dbaa96bd318b9bb",
                "shasum": ""
            },
            "require": {
                "php": ">=7.2.5",
                "psr/container": "^1.1"
            },
            "suggest": {
                "symfony/service-implementation": ""
            },
            "type": "library",
            "extra": {
                "branch-alias": {
                    "dev-main": "2.4-dev"
                },
                "thanks": {
                    "name": "symfony/contracts",
                    "url": "https://github.com/symfony/contracts"
                }
            },
            "autoload": {
                "psr-4": {
                    "Symfony\\Contracts\\Service\\": ""
                }
            },
            "notification-url": "https://packagist.org/downloads/",
            "license": [
                "MIT"
            ],
            "authors": [
                {
                    "name": "Nicolas Grekas",
                    "email": "p@tchwork.com"
                },
                {
                    "name": "Symfony Community",
                    "homepage": "https://symfony.com/contributors"
                }
            ],
            "description": "Generic abstractions related to writing services",
            "homepage": "https://symfony.com",
            "keywords": [
                "abstractions",
                "contracts",
                "decoupling",
                "interfaces",
                "interoperability",
                "standards"
            ],
            "support": {
                "source": "https://github.com/symfony/service-contracts/tree/v2.4.0"
            },
            "funding": [
                {
                    "url": "https://symfony.com/sponsor",
                    "type": "custom"
                },
                {
                    "url": "https://github.com/fabpot",
                    "type": "github"
                },
                {
                    "url": "https://tidelift.com/funding/github/packagist/symfony/symfony",
                    "type": "tidelift"
                }
            ],
            "time": "2021-04-01T10:43:52+00:00"
        }
    ],
    "aliases": [],
    "minimum-stability": "stable",
    "stability-flags": [],
    "prefer-stable": false,
    "prefer-lowest": false,
    "platform": [],
    "platform-dev": [],
    "plugin-api-version": "2.1.0"
}
